
Microsoft Visual Studio Solution File, Format Version 12.00
# Visual Studio 15
VisualStudioVersion = 15.0.27130.2027
MinimumVisualStudioVersion = 10.0.40219.1
Project("{FAE04EC0-301F-11D3-BF4B-00C04F79EFBC}") = "HangfireConsoleApp", "HangfireConsoleApp\HangfireConsoleApp.csproj", "{353307EB-B86D-43CF-A15B-46A600D0FF5C}"
EndProject
Global
	GlobalSection(SolutionConfigurationPlatforms) = preSolution
		Debug|Any CPU = Debug|Any CPU
		Release|Any CPU = Release|Any CPU
	EndGlobalSection
	GlobalSection(ProjectConfigurationPlatforms) = postSolution
		{353307EB-B86D-43CF-A15B-46A600D0FF5C}.Debug|Any CPU.ActiveCfg = Debug|Any CPU
		{353307EB-B86D-43CF-A15B-46A600D0FF5C}.Debug|Any CPU.Build.0 = Debug|Any CPU
		{353307EB-B86D-43CF-A15B-46A600D0FF5C}.Release|Any CPU.ActiveCfg = Release|Any CPU
		{353307EB-B86D-43CF-A15B-46A600D0FF5C}.Release|Any CPU.Build.0 = Release|Any CPU
	EndGlobalSection
	GlobalSection(SolutionProperties) = preSolution
		HideSolutionNode = FALSE
	EndGlobalSection
	GlobalSection(ExtensibilityGlobals) = postSolution
		SolutionGuid = {2F22F5E0-E14F-4BC8-9ECF-BE6ADCB330B4}
	EndGlobalSection
EndGlobal
